
Microsoft Visual Studio Solution File, Format Version 12.00
# Visual Studio Version 17
VisualStudioVersion = 17.14.36401.2 d17.14
MinimumVisualStudioVersion = 10.0.40219.1
Project("{FAE04EC0-301F-11D3-BF4B-00C04F79EFBC}") = "Challenge Lab 3.3", "Challenge Lab 3.3.csproj", "{B3F6D012-9AA2-434A-A0B9-E820930E3865}"
EndProject
Global
	GlobalSection(SolutionConfigurationPlatforms) = preSolution
		Debug|Any CPU = Debug|Any CPU
		Release|Any CPU = Release|Any CPU
	EndGlobalSection
	GlobalSection(ProjectConfigurationPlatforms) = postSolution
		{B3F6D012-9AA2-434A-A0B9-E820930E3865}.Debug|Any CPU.ActiveCfg = Debug|Any CPU
		{B3F6D012-9AA2-434A-A0B9-E820930E3865}.Debug|Any CPU.Build.0 = Debug|Any CPU
		{B3F6D012-9AA2-434A-A0B9-E820930E3865}.Release|Any CPU.ActiveCfg = Release|Any CPU
		{B3F6D012-9AA2-434A-A0B9-E820930E3865}.Release|Any CPU.Build.0 = Release|Any CPU
	EndGlobalSection
	GlobalSection(SolutionProperties) = preSolution
		HideSolutionNode = FALSE
	EndGlobalSection
	GlobalSection(ExtensibilityGlobals) = postSolution
		SolutionGuid = {78BDB845-D906-4944-8408-54370A72D142}
	EndGlobalSection
EndGlobal
