
Microsoft Visual Studio Solution File, Format Version 12.00
# Visual Studio Version 17
VisualStudioVersion = 17.14.36221.1 d17.14
MinimumVisualStudioVersion = 10.0.40219.1
Project("{FAE04EC0-301F-11D3-BF4B-00C04F79EFBC}") = "Challenge Lab 3.2", "Challenge Lab 3.2.csproj", "{9F591094-8033-4CB9-81BC-55285AE64272}"
EndProject
Global
	GlobalSection(SolutionConfigurationPlatforms) = preSolution
		Debug|Any CPU = Debug|Any CPU
		Release|Any CPU = Release|Any CPU
	EndGlobalSection
	GlobalSection(ProjectConfigurationPlatforms) = postSolution
		{9F591094-8033-4CB9-81BC-55285AE64272}.Debug|Any CPU.ActiveCfg = Debug|Any CPU
		{9F591094-8033-4CB9-81BC-55285AE64272}.Debug|Any CPU.Build.0 = Debug|Any CPU
		{9F591094-8033-4CB9-81BC-55285AE64272}.Release|Any CPU.ActiveCfg = Release|Any CPU
		{9F591094-8033-4CB9-81BC-55285AE64272}.Release|Any CPU.Build.0 = Release|Any CPU
	EndGlobalSection
	GlobalSection(SolutionProperties) = preSolution
		HideSolutionNode = FALSE
	EndGlobalSection
	GlobalSection(ExtensibilityGlobals) = postSolution
		SolutionGuid = {3FAF902A-9E9A-4521-9627-774A7CFA9EBC}
	EndGlobalSection
EndGlobal
