
Microsoft Visual Studio Solution File, Format Version 12.00
# Visual Studio Version 17
VisualStudioVersion = 17.14.36221.1 d17.14
MinimumVisualStudioVersion = 10.0.40219.1
Project("{FAE04EC0-301F-11D3-BF4B-00C04F79EFBC}") = "ChallengeLab 4.3", "ChallengeLab 4.3.csproj", "{DC73974D-D137-455E-BD53-0ABF97E9AEA0}"
EndProject
Global
	GlobalSection(SolutionConfigurationPlatforms) = preSolution
		Debug|Any CPU = Debug|Any CPU
		Release|Any CPU = Release|Any CPU
	EndGlobalSection
	GlobalSection(ProjectConfigurationPlatforms) = postSolution
		{DC73974D-D137-455E-BD53-0ABF97E9AEA0}.Debug|Any CPU.ActiveCfg = Debug|Any CPU
		{DC73974D-D137-455E-BD53-0ABF97E9AEA0}.Debug|Any CPU.Build.0 = Debug|Any CPU
		{DC73974D-D137-455E-BD53-0ABF97E9AEA0}.Release|Any CPU.ActiveCfg = Release|Any CPU
		{DC73974D-D137-455E-BD53-0ABF97E9AEA0}.Release|Any CPU.Build.0 = Release|Any CPU
	EndGlobalSection
	GlobalSection(SolutionProperties) = preSolution
		HideSolutionNode = FALSE
	EndGlobalSection
	GlobalSection(ExtensibilityGlobals) = postSolution
		SolutionGuid = {CCED885B-C0A9-4585-941F-5EB8433D1C3A}
	EndGlobalSection
EndGlobal
