
Microsoft Visual Studio Solution File, Format Version 12.00
# Visual Studio Version 17
VisualStudioVersion = 17.14.36408.4 d17.14
MinimumVisualStudioVersion = 10.0.40219.1
Project("{FAE04EC0-301F-11D3-BF4B-00C04F79EFBC}") = "Assignment 6.2.2", "Assignment 6.2.2.csproj", "{CA26F794-05DE-46EE-ABAF-B38C4289DA7A}"
EndProject
Global
	GlobalSection(SolutionConfigurationPlatforms) = preSolution
		Debug|Any CPU = Debug|Any CPU
		Release|Any CPU = Release|Any CPU
	EndGlobalSection
	GlobalSection(ProjectConfigurationPlatforms) = postSolution
		{CA26F794-05DE-46EE-ABAF-B38C4289DA7A}.Debug|Any CPU.ActiveCfg = Debug|Any CPU
		{CA26F794-05DE-46EE-ABAF-B38C4289DA7A}.Debug|Any CPU.Build.0 = Debug|Any CPU
		{CA26F794-05DE-46EE-ABAF-B38C4289DA7A}.Release|Any CPU.ActiveCfg = Release|Any CPU
		{CA26F794-05DE-46EE-ABAF-B38C4289DA7A}.Release|Any CPU.Build.0 = Release|Any CPU
	EndGlobalSection
	GlobalSection(SolutionProperties) = preSolution
		HideSolutionNode = FALSE
	EndGlobalSection
	GlobalSection(ExtensibilityGlobals) = postSolution
		SolutionGuid = {18FFE42F-3BBE-499D-B0FF-C9C340EEB9D0}
	EndGlobalSection
EndGlobal
