
Microsoft Visual Studio Solution File, Format Version 12.00
# Visual Studio Version 17
VisualStudioVersion = 17.14.36401.2 d17.14
MinimumVisualStudioVersion = 10.0.40219.1
Project("{FAE04EC0-301F-11D3-BF4B-00C04F79EFBC}") = "Assignment 6.1.1", "Assignment 6.1.1.csproj", "{2C647FCB-4189-4A50-9779-A5AEE409EF3A}"
EndProject
Global
	GlobalSection(SolutionConfigurationPlatforms) = preSolution
		Debug|Any CPU = Debug|Any CPU
		Release|Any CPU = Release|Any CPU
	EndGlobalSection
	GlobalSection(ProjectConfigurationPlatforms) = postSolution
		{2C647FCB-4189-4A50-9779-A5AEE409EF3A}.Debug|Any CPU.ActiveCfg = Debug|Any CPU
		{2C647FCB-4189-4A50-9779-A5AEE409EF3A}.Debug|Any CPU.Build.0 = Debug|Any CPU
		{2C647FCB-4189-4A50-9779-A5AEE409EF3A}.Release|Any CPU.ActiveCfg = Release|Any CPU
		{2C647FCB-4189-4A50-9779-A5AEE409EF3A}.Release|Any CPU.Build.0 = Release|Any CPU
	EndGlobalSection
	GlobalSection(SolutionProperties) = preSolution
		HideSolutionNode = FALSE
	EndGlobalSection
	GlobalSection(ExtensibilityGlobals) = postSolution
		SolutionGuid = {77695868-962F-4145-9710-5B12FF7A4FAE}
	EndGlobalSection
EndGlobal
