
Microsoft Visual Studio Solution File, Format Version 12.00
# Visual Studio Version 17
VisualStudioVersion = 17.14.36221.1 d17.14
MinimumVisualStudioVersion = 10.0.40219.1
Project("{FAE04EC0-301F-11D3-BF4B-00C04F79EFBC}") = "Challenge Lab 3.4", "Challenge Lab 3.4.csproj", "{1BC4C26B-CEA7-4DA2-A7DB-B33871BF30AB}"
EndProject
Global
	GlobalSection(SolutionConfigurationPlatforms) = preSolution
		Debug|Any CPU = Debug|Any CPU
		Release|Any CPU = Release|Any CPU
	EndGlobalSection
	GlobalSection(ProjectConfigurationPlatforms) = postSolution
		{1BC4C26B-CEA7-4DA2-A7DB-B33871BF30AB}.Debug|Any CPU.ActiveCfg = Debug|Any CPU
		{1BC4C26B-CEA7-4DA2-A7DB-B33871BF30AB}.Debug|Any CPU.Build.0 = Debug|Any CPU
		{1BC4C26B-CEA7-4DA2-A7DB-B33871BF30AB}.Release|Any CPU.ActiveCfg = Release|Any CPU
		{1BC4C26B-CEA7-4DA2-A7DB-B33871BF30AB}.Release|Any CPU.Build.0 = Release|Any CPU
	EndGlobalSection
	GlobalSection(SolutionProperties) = preSolution
		HideSolutionNode = FALSE
	EndGlobalSection
	GlobalSection(ExtensibilityGlobals) = postSolution
		SolutionGuid = {1CE38195-5F2D-4D4A-BC04-A83903216925}
	EndGlobalSection
EndGlobal
